
Microsoft Visual Studio Solution File, Format Version 12.00
# Visual Studio Version 17
VisualStudioVersion = 17.13.35931.197
MinimumVisualStudioVersion = 10.0.40219.1
Project("{FAE04EC0-301F-11D3-BF4B-00C04F79EFBC}") = "Gislen_Task_1", "Gislen_Task_1\Gislen_Task_1.csproj", "{5DF0DCBA-A23E-4AB2-966E-B0B80B72DD9A}"
EndProject
Project("{FAE04EC0-301F-11D3-BF4B-00C04F79EFBC}") = "tasks", "tasks\tasks.csproj", "{A4FA1CB5-8931-4E66-B6C9-FD6C51E16A89}"
EndProject
Project("{FAE04EC0-301F-11D3-BF4B-00C04F79EFBC}") = "ATM_Menu", "ATM_Menu\ATM_Menu.csproj", "{5905C631-EB24-4C6D-9BE0-D5FC75237FDA}"
EndProject
Project("{FAE04EC0-301F-11D3-BF4B-00C04F79EFBC}") = "Student_Marks_Report", "Student_Marks_Report\Student_Marks_Report.csproj", "{C6659216-7B67-4D22-BB5A-8B9659617E17}"
EndProject
Project("{FAE04EC0-301F-11D3-BF4B-00C04F79EFBC}") = "Calculator_with_Type_Conversion", "Calculator_with_Type_Conversion\Calculator_with_Type_Conversion.csproj", "{F3AF8313-5CC7-4497-B4DE-C023A40AFB3D}"
EndProject
Project("{FAE04EC0-301F-11D3-BF4B-00C04F79EFBC}") = "Age_Category_Checker", "Age_Category_Checker\Age_Category_Checker.csproj", "{A8F5C1AB-A129-4C34-9AAD-98B1E726291F}"
EndProject
Project("{FAE04EC0-301F-11D3-BF4B-00C04F79EFBC}") = "GislenSoftware_with_Twist", "GislenSoftware_with_Twist\GislenSoftware_with_Twist.csproj", "{62157CF9-E60A-4CF0-88BA-4B056B363056}"
EndProject
Project("{FAE04EC0-301F-11D3-BF4B-00C04F79EFBC}") = "Grocery_Bill_Calculator", "Grocery_Bill_Calculator\Grocery_Bill_Calculator.csproj", "{4EBF8814-6832-4816-9C5B-52D89E0C1DAB}"
EndProject
Project("{FAE04EC0-301F-11D3-BF4B-00C04F79EFBC}") = "Reverse_Average", "Reverse_Average\Reverse_Average.csproj", "{562B9913-70F3-4F6D-99DD-5DE14773D614}"
EndProject
Project("{FAE04EC0-301F-11D3-BF4B-00C04F79EFBC}") = "Safe_Number_Collector", "Safe_Number_Collector\Safe_Number_Collector.csproj", "{CF4D9462-7E9B-4BC6-BB5C-E349A9747CD2}"
EndProject
Project("{FAE04EC0-301F-11D3-BF4B-00C04F79EFBC}") = "Second_Larges_Number", "Second_Larges_Number\Second_Larges_Number.csproj", "{794DF0F7-C441-44CD-865B-9DFB091B500D}"
EndProject
Global
	GlobalSection(SolutionConfigurationPlatforms) = preSolution
		Debug|Any CPU = Debug|Any CPU
		Release|Any CPU = Release|Any CPU
	EndGlobalSection
	GlobalSection(ProjectConfigurationPlatforms) = postSolution
		{5DF0DCBA-A23E-4AB2-966E-B0B80B72DD9A}.Debug|Any CPU.ActiveCfg = Debug|Any CPU
		{5DF0DCBA-A23E-4AB2-966E-B0B80B72DD9A}.Debug|Any CPU.Build.0 = Debug|Any CPU
		{5DF0DCBA-A23E-4AB2-966E-B0B80B72DD9A}.Release|Any CPU.ActiveCfg = Release|Any CPU
		{5DF0DCBA-A23E-4AB2-966E-B0B80B72DD9A}.Release|Any CPU.Build.0 = Release|Any CPU
		{A4FA1CB5-8931-4E66-B6C9-FD6C51E16A89}.Debug|Any CPU.ActiveCfg = Debug|Any CPU
		{A4FA1CB5-8931-4E66-B6C9-FD6C51E16A89}.Debug|Any CPU.Build.0 = Debug|Any CPU
		{A4FA1CB5-8931-4E66-B6C9-FD6C51E16A89}.Release|Any CPU.ActiveCfg = Release|Any CPU
		{A4FA1CB5-8931-4E66-B6C9-FD6C51E16A89}.Release|Any CPU.Build.0 = Release|Any CPU
		{5905C631-EB24-4C6D-9BE0-D5FC75237FDA}.Debug|Any CPU.ActiveCfg = Debug|Any CPU
		{5905C631-EB24-4C6D-9BE0-D5FC75237FDA}.Debug|Any CPU.Build.0 = Debug|Any CPU
		{5905C631-EB24-4C6D-9BE0-D5FC75237FDA}.Release|Any CPU.ActiveCfg = Release|Any CPU
		{5905C631-EB24-4C6D-9BE0-D5FC75237FDA}.Release|Any CPU.Build.0 = Release|Any CPU
		{C6659216-7B67-4D22-BB5A-8B9659617E17}.Debug|Any CPU.ActiveCfg = Debug|Any CPU
		{C6659216-7B67-4D22-BB5A-8B9659617E17}.Debug|Any CPU.Build.0 = Debug|Any CPU
		{C6659216-7B67-4D22-BB5A-8B9659617E17}.Release|Any CPU.ActiveCfg = Release|Any CPU
		{C6659216-7B67-4D22-BB5A-8B9659617E17}.Release|Any CPU.Build.0 = Release|Any CPU
		{F3AF8313-5CC7-4497-B4DE-C023A40AFB3D}.Debug|Any CPU.ActiveCfg = Debug|Any CPU
		{F3AF8313-5CC7-4497-B4DE-C023A40AFB3D}.Debug|Any CPU.Build.0 = Debug|Any CPU
		{F3AF8313-5CC7-4497-B4DE-C023A40AFB3D}.Release|Any CPU.ActiveCfg = Release|Any CPU
		{F3AF8313-5CC7-4497-B4DE-C023A40AFB3D}.Release|Any CPU.Build.0 = Release|Any CPU
		{A8F5C1AB-A129-4C34-9AAD-98B1E726291F}.Debug|Any CPU.ActiveCfg = Debug|Any CPU
		{A8F5C1AB-A129-4C34-9AAD-98B1E726291F}.Debug|Any CPU.Build.0 = Debug|Any CPU
		{A8F5C1AB-A129-4C34-9AAD-98B1E726291F}.Release|Any CPU.ActiveCfg = Release|Any CPU
		{A8F5C1AB-A129-4C34-9AAD-98B1E726291F}.Release|Any CPU.Build.0 = Release|Any CPU
		{62157CF9-E60A-4CF0-88BA-4B056B363056}.Debug|Any CPU.ActiveCfg = Debug|Any CPU
		{62157CF9-E60A-4CF0-88BA-4B056B363056}.Debug|Any CPU.Build.0 = Debug|Any CPU
		{62157CF9-E60A-4CF0-88BA-4B056B363056}.Release|Any CPU.ActiveCfg = Release|Any CPU
		{62157CF9-E60A-4CF0-88BA-4B056B363056}.Release|Any CPU.Build.0 = Release|Any CPU
		{4EBF8814-6832-4816-9C5B-52D89E0C1DAB}.Debug|Any CPU.ActiveCfg = Debug|Any CPU
		{4EBF8814-6832-4816-9C5B-52D89E0C1DAB}.Debug|Any CPU.Build.0 = Debug|Any CPU
		{4EBF8814-6832-4816-9C5B-52D89E0C1DAB}.Release|Any CPU.ActiveCfg = Release|Any CPU
		{4EBF8814-6832-4816-9C5B-52D89E0C1DAB}.Release|Any CPU.Build.0 = Release|Any CPU
		{562B9913-70F3-4F6D-99DD-5DE14773D614}.Debug|Any CPU.ActiveCfg = Debug|Any CPU
		{562B9913-70F3-4F6D-99DD-5DE14773D614}.Debug|Any CPU.Build.0 = Debug|Any CPU
		{562B9913-70F3-4F6D-99DD-5DE14773D614}.Release|Any CPU.ActiveCfg = Release|Any CPU
		{562B9913-70F3-4F6D-99DD-5DE14773D614}.Release|Any CPU.Build.0 = Release|Any CPU
		{CF4D9462-7E9B-4BC6-BB5C-E349A9747CD2}.Debug|Any CPU.ActiveCfg = Debug|Any CPU
		{CF4D9462-7E9B-4BC6-BB5C-E349A9747CD2}.Debug|Any CPU.Build.0 = Debug|Any CPU
		{CF4D9462-7E9B-4BC6-BB5C-E349A9747CD2}.Release|Any CPU.ActiveCfg = Release|Any CPU
		{CF4D9462-7E9B-4BC6-BB5C-E349A9747CD2}.Release|Any CPU.Build.0 = Release|Any CPU
		{794DF0F7-C441-44CD-865B-9DFB091B500D}.Debug|Any CPU.ActiveCfg = Debug|Any CPU
		{794DF0F7-C441-44CD-865B-9DFB091B500D}.Debug|Any CPU.Build.0 = Debug|Any CPU
		{794DF0F7-C441-44CD-865B-9DFB091B500D}.Release|Any CPU.ActiveCfg = Release|Any CPU
		{794DF0F7-C441-44CD-865B-9DFB091B500D}.Release|Any CPU.Build.0 = Release|Any CPU
	EndGlobalSection
	GlobalSection(SolutionProperties) = preSolution
		HideSolutionNode = FALSE
	EndGlobalSection
	GlobalSection(ExtensibilityGlobals) = postSolution
		SolutionGuid = {8DBE123A-F670-4993-B507-9CA26521647E}
	EndGlobalSection
EndGlobal
